
Microsoft Visual Studio Solution File, Format Version 12.00
# Visual Studio 15
VisualStudioVersion = 15.0.27703.2047
MinimumVisualStudioVersion = 10.0.40219.1
Project("{9A19103F-16F7-4668-BE54-9A1E7A4F7556}") = "CountSameValueInArr", "CountSameValueInArr\CountSameValueInArr.csproj", "{14BF3925-D953-4B23-84A1-5FE62613CDFB}"
EndProject
Project("{9A19103F-16F7-4668-BE54-9A1E7A4F7556}") = "AverageStudentGrades", "AverageStudentGrades\AverageStudentGrades.csproj", "{1ABD8A8C-3CFF-457D-91C5-EAE9AD407E58}"
EndProject
Project("{9A19103F-16F7-4668-BE54-9A1E7A4F7556}") = "ProductShop", "ProductShop\ProductShop.csproj", "{228C2FE6-CDE5-4D39-B7F0-710258B563DE}"
EndProject
Project("{9A19103F-16F7-4668-BE54-9A1E7A4F7556}") = "CitiesByContinentAndCountry", "CitiesByContinentAndCountry\CitiesByContinentAndCountry.csproj", "{A1780F07-9941-4565-8F96-E6C8C32F27DD}"
EndProject
Project("{9A19103F-16F7-4668-BE54-9A1E7A4F7556}") = "RecordUniqueNames", "RecordUniqueNames\RecordUniqueNames.csproj", "{EB95F927-2525-4B18-BFE1-AE0848FEEB34}"
EndProject
Project("{9A19103F-16F7-4668-BE54-9A1E7A4F7556}") = "ParkingLot", "ParkingLot\ParkingLot.csproj", "{706AB259-B745-4DD7-BF0C-3786C4C8E897}"
EndProject
Project("{9A19103F-16F7-4668-BE54-9A1E7A4F7556}") = "SoftUniParty", "SoftUniParty\SoftUniParty.csproj", "{E144EF00-C840-4B46-A973-41CF86449258}"
EndProject
Project("{9A19103F-16F7-4668-BE54-9A1E7A4F7556}") = "UniqueUsers", "UniqueUsers\UniqueUsers.csproj", "{6B1855AE-EFA7-4D9E-AB71-7BDD48571313}"
EndProject
Project("{9A19103F-16F7-4668-BE54-9A1E7A4F7556}") = "SetOfElements", "SetOfElements\SetOfElements.csproj", "{0B51342F-F212-42AA-85AE-9901A8D7909E}"
EndProject
Project("{9A19103F-16F7-4668-BE54-9A1E7A4F7556}") = "PeriodicTable", "PeriodicTable\PeriodicTable.csproj", "{52AA0487-1644-4F69-AAA1-292AC5E6D216}"
EndProject
Project("{9A19103F-16F7-4668-BE54-9A1E7A4F7556}") = "EvenTimes", "EvenTimes\EvenTimes.csproj", "{C5990F67-00F2-416F-8B17-6A0EF5CE6FA4}"
EndProject
Project("{9A19103F-16F7-4668-BE54-9A1E7A4F7556}") = "CountSymbols", "CountSymbols\CountSymbols.csproj", "{E8E44244-A5EE-42B3-A4A4-4A59333D1474}"
EndProject
Project("{9A19103F-16F7-4668-BE54-9A1E7A4F7556}") = "Wardrobe", "Wardrobe\Wardrobe.csproj", "{24C60D95-FBD5-4F6B-8A15-76A4D6E0434D}"
EndProject
Project("{FAE04EC0-301F-11D3-BF4B-00C04F79EFBC}") = "TheVLogger", "TheVLogger\TheVLogger.csproj", "{8C349844-5178-4B91-875F-F08840225C0F}"
EndProject
Project("{FAE04EC0-301F-11D3-BF4B-00C04F79EFBC}") = "Ranking", "Ranking\Ranking.csproj", "{8F0712E7-9297-457D-B215-18AE32D3CBB9}"
EndProject
Global
	GlobalSection(SolutionConfigurationPlatforms) = preSolution
		Debug|Any CPU = Debug|Any CPU
		Release|Any CPU = Release|Any CPU
	EndGlobalSection
	GlobalSection(ProjectConfigurationPlatforms) = postSolution
		{14BF3925-D953-4B23-84A1-5FE62613CDFB}.Debug|Any CPU.ActiveCfg = Debug|Any CPU
		{14BF3925-D953-4B23-84A1-5FE62613CDFB}.Debug|Any CPU.Build.0 = Debug|Any CPU
		{14BF3925-D953-4B23-84A1-5FE62613CDFB}.Release|Any CPU.ActiveCfg = Release|Any CPU
		{14BF3925-D953-4B23-84A1-5FE62613CDFB}.Release|Any CPU.Build.0 = Release|Any CPU
		{1ABD8A8C-3CFF-457D-91C5-EAE9AD407E58}.Debug|Any CPU.ActiveCfg = Debug|Any CPU
		{1ABD8A8C-3CFF-457D-91C5-EAE9AD407E58}.Debug|Any CPU.Build.0 = Debug|Any CPU
		{1ABD8A8C-3CFF-457D-91C5-EAE9AD407E58}.Release|Any CPU.ActiveCfg = Release|Any CPU
		{1ABD8A8C-3CFF-457D-91C5-EAE9AD407E58}.Release|Any CPU.Build.0 = Release|Any CPU
		{228C2FE6-CDE5-4D39-B7F0-710258B563DE}.Debug|Any CPU.ActiveCfg = Debug|Any CPU
		{228C2FE6-CDE5-4D39-B7F0-710258B563DE}.Debug|Any CPU.Build.0 = Debug|Any CPU
		{228C2FE6-CDE5-4D39-B7F0-710258B563DE}.Release|Any CPU.ActiveCfg = Release|Any CPU
		{228C2FE6-CDE5-4D39-B7F0-710258B563DE}.Release|Any CPU.Build.0 = Release|Any CPU
		{A1780F07-9941-4565-8F96-E6C8C32F27DD}.Debug|Any CPU.ActiveCfg = Debug|Any CPU
		{A1780F07-9941-4565-8F96-E6C8C32F27DD}.Debug|Any CPU.Build.0 = Debug|Any CPU
		{A1780F07-9941-4565-8F96-E6C8C32F27DD}.Release|Any CPU.ActiveCfg = Release|Any CPU
		{A1780F07-9941-4565-8F96-E6C8C32F27DD}.Release|Any CPU.Build.0 = Release|Any CPU
		{EB95F927-2525-4B18-BFE1-AE0848FEEB34}.Debug|Any CPU.ActiveCfg = Debug|Any CPU
		{EB95F927-2525-4B18-BFE1-AE0848FEEB34}.Debug|Any CPU.Build.0 = Debug|Any CPU
		{EB95F927-2525-4B18-BFE1-AE0848FEEB34}.Release|Any CPU.ActiveCfg = Release|Any CPU
		{EB95F927-2525-4B18-BFE1-AE0848FEEB34}.Release|Any CPU.Build.0 = Release|Any CPU
		{706AB259-B745-4DD7-BF0C-3786C4C8E897}.Debug|Any CPU.ActiveCfg = Debug|Any CPU
		{706AB259-B745-4DD7-BF0C-3786C4C8E897}.Debug|Any CPU.Build.0 = Debug|Any CPU
		{706AB259-B745-4DD7-BF0C-3786C4C8E897}.Release|Any CPU.ActiveCfg = Release|Any CPU
		{706AB259-B745-4DD7-BF0C-3786C4C8E897}.Release|Any CPU.Build.0 = Release|Any CPU
		{E144EF00-C840-4B46-A973-41CF86449258}.Debug|Any CPU.ActiveCfg = Debug|Any CPU
		{E144EF00-C840-4B46-A973-41CF86449258}.Debug|Any CPU.Build.0 = Debug|Any CPU
		{E144EF00-C840-4B46-A973-41CF86449258}.Release|Any CPU.ActiveCfg = Release|Any CPU
		{E144EF00-C840-4B46-A973-41CF86449258}.Release|Any CPU.Build.0 = Release|Any CPU
		{6B1855AE-EFA7-4D9E-AB71-7BDD48571313}.Debug|Any CPU.ActiveCfg = Debug|Any CPU
		{6B1855AE-EFA7-4D9E-AB71-7BDD48571313}.Debug|Any CPU.Build.0 = Debug|Any CPU
		{6B1855AE-EFA7-4D9E-AB71-7BDD48571313}.Release|Any CPU.ActiveCfg = Release|Any CPU
		{6B1855AE-EFA7-4D9E-AB71-7BDD48571313}.Release|Any CPU.Build.0 = Release|Any CPU
		{0B51342F-F212-42AA-85AE-9901A8D7909E}.Debug|Any CPU.ActiveCfg = Debug|Any CPU
		{0B51342F-F212-42AA-85AE-9901A8D7909E}.Debug|Any CPU.Build.0 = Debug|Any CPU
		{0B51342F-F212-42AA-85AE-9901A8D7909E}.Release|Any CPU.ActiveCfg = Release|Any CPU
		{0B51342F-F212-42AA-85AE-9901A8D7909E}.Release|Any CPU.Build.0 = Release|Any CPU
		{52AA0487-1644-4F69-AAA1-292AC5E6D216}.Debug|Any CPU.ActiveCfg = Debug|Any CPU
		{52AA0487-1644-4F69-AAA1-292AC5E6D216}.Debug|Any CPU.Build.0 = Debug|Any CPU
		{52AA0487-1644-4F69-AAA1-292AC5E6D216}.Release|Any CPU.ActiveCfg = Release|Any CPU
		{52AA0487-1644-4F69-AAA1-292AC5E6D216}.Release|Any CPU.Build.0 = Release|Any CPU
		{C5990F67-00F2-416F-8B17-6A0EF5CE6FA4}.Debug|Any CPU.ActiveCfg = Debug|Any CPU
		{C5990F67-00F2-416F-8B17-6A0EF5CE6FA4}.Debug|Any CPU.Build.0 = Debug|Any CPU
		{C5990F67-00F2-416F-8B17-6A0EF5CE6FA4}.Release|Any CPU.ActiveCfg = Release|Any CPU
		{C5990F67-00F2-416F-8B17-6A0EF5CE6FA4}.Release|Any CPU.Build.0 = Release|Any CPU
		{E8E44244-A5EE-42B3-A4A4-4A59333D1474}.Debug|Any CPU.ActiveCfg = Debug|Any CPU
		{E8E44244-A5EE-42B3-A4A4-4A59333D1474}.Debug|Any CPU.Build.0 = Debug|Any CPU
		{E8E44244-A5EE-42B3-A4A4-4A59333D1474}.Release|Any CPU.ActiveCfg = Release|Any CPU
		{E8E44244-A5EE-42B3-A4A4-4A59333D1474}.Release|Any CPU.Build.0 = Release|Any CPU
		{24C60D95-FBD5-4F6B-8A15-76A4D6E0434D}.Debug|Any CPU.ActiveCfg = Debug|Any CPU
		{24C60D95-FBD5-4F6B-8A15-76A4D6E0434D}.Debug|Any CPU.Build.0 = Debug|Any CPU
		{24C60D95-FBD5-4F6B-8A15-76A4D6E0434D}.Release|Any CPU.ActiveCfg = Release|Any CPU
		{24C60D95-FBD5-4F6B-8A15-76A4D6E0434D}.Release|Any CPU.Build.0 = Release|Any CPU
		{8C349844-5178-4B91-875F-F08840225C0F}.Debug|Any CPU.ActiveCfg = Debug|Any CPU
		{8C349844-5178-4B91-875F-F08840225C0F}.Debug|Any CPU.Build.0 = Debug|Any CPU
		{8C349844-5178-4B91-875F-F08840225C0F}.Release|Any CPU.ActiveCfg = Release|Any CPU
		{8C349844-5178-4B91-875F-F08840225C0F}.Release|Any CPU.Build.0 = Release|Any CPU
		{8F0712E7-9297-457D-B215-18AE32D3CBB9}.Debug|Any CPU.ActiveCfg = Debug|Any CPU
		{8F0712E7-9297-457D-B215-18AE32D3CBB9}.Debug|Any CPU.Build.0 = Debug|Any CPU
		{8F0712E7-9297-457D-B215-18AE32D3CBB9}.Release|Any CPU.ActiveCfg = Release|Any CPU
		{8F0712E7-9297-457D-B215-18AE32D3CBB9}.Release|Any CPU.Build.0 = Release|Any CPU
	EndGlobalSection
	GlobalSection(SolutionProperties) = preSolution
		HideSolutionNode = FALSE
	EndGlobalSection
	GlobalSection(ExtensibilityGlobals) = postSolution
		SolutionGuid = {BE228058-7435-4129-99E2-D014706804F5}
	EndGlobalSection
EndGlobal
