
Microsoft Visual Studio Solution File, Format Version 12.00
# Visual Studio 15
VisualStudioVersion = 15.0.27703.2047
MinimumVisualStudioVersion = 10.0.40219.1
Project("{FAE04EC0-301F-11D3-BF4B-00C04F79EFBC}") = "CountSameValueInArr", "CountSameValueInArr\CountSameValueInArr.csproj", "{14BF3925-D953-4B23-84A1-5FE62613CDFB}"
EndProject
Project("{FAE04EC0-301F-11D3-BF4B-00C04F79EFBC}") = "AverageStudentGrades", "AverageStudentGrades\AverageStudentGrades.csproj", "{1ABD8A8C-3CFF-457D-91C5-EAE9AD407E58}"
EndProject
Global
	GlobalSection(SolutionConfigurationPlatforms) = preSolution
		Debug|Any CPU = Debug|Any CPU
		Release|Any CPU = Release|Any CPU
	EndGlobalSection
	GlobalSection(ProjectConfigurationPlatforms) = postSolution
		{14BF3925-D953-4B23-84A1-5FE62613CDFB}.Debug|Any CPU.ActiveCfg = Debug|Any CPU
		{14BF3925-D953-4B23-84A1-5FE62613CDFB}.Debug|Any CPU.Build.0 = Debug|Any CPU
		{14BF3925-D953-4B23-84A1-5FE62613CDFB}.Release|Any CPU.ActiveCfg = Release|Any CPU
		{14BF3925-D953-4B23-84A1-5FE62613CDFB}.Release|Any CPU.Build.0 = Release|Any CPU
		{1ABD8A8C-3CFF-457D-91C5-EAE9AD407E58}.Debug|Any CPU.ActiveCfg = Debug|Any CPU
		{1ABD8A8C-3CFF-457D-91C5-EAE9AD407E58}.Debug|Any CPU.Build.0 = Debug|Any CPU
		{1ABD8A8C-3CFF-457D-91C5-EAE9AD407E58}.Release|Any CPU.ActiveCfg = Release|Any CPU
		{1ABD8A8C-3CFF-457D-91C5-EAE9AD407E58}.Release|Any CPU.Build.0 = Release|Any CPU
	EndGlobalSection
	GlobalSection(SolutionProperties) = preSolution
		HideSolutionNode = FALSE
	EndGlobalSection
	GlobalSection(ExtensibilityGlobals) = postSolution
		SolutionGuid = {BE228058-7435-4129-99E2-D014706804F5}
	EndGlobalSection
EndGlobal
